
Microsoft Visual Studio Solution File, Format Version 12.00
# Visual Studio Version 17
VisualStudioVersion = 17.12.35527.113 d17.12
MinimumVisualStudioVersion = 10.0.40219.1
Project("{FAE04EC0-301F-11D3-BF4B-00C04F79EFBC}") = "MovieTracker", "MovieTracker.csproj", "{DFDF11FA-391F-4C75-A991-7076A6B08983}"
EndProject
Global
	GlobalSection(SolutionConfigurationPlatforms) = preSolution
		Debug|Any CPU = Debug|Any CPU
		Release|Any CPU = Release|Any CPU
	EndGlobalSection
	GlobalSection(ProjectConfigurationPlatforms) = postSolution
		{DFDF11FA-391F-4C75-A991-7076A6B08983}.Debug|Any CPU.ActiveCfg = Debug|Any CPU
		{DFDF11FA-391F-4C75-A991-7076A6B08983}.Debug|Any CPU.Build.0 = Debug|Any CPU
		{DFDF11FA-391F-4C75-A991-7076A6B08983}.Release|Any CPU.ActiveCfg = Release|Any CPU
		{DFDF11FA-391F-4C75-A991-7076A6B08983}.Release|Any CPU.Build.0 = Release|Any CPU
	EndGlobalSection
	GlobalSection(SolutionProperties) = preSolution
		HideSolutionNode = FALSE
	EndGlobalSection
EndGlobal
